
Microsoft Visual Studio Solution File, Format Version 12.00
# Visual Studio Version 17
VisualStudioVersion = 17.1.32421.90
MinimumVisualStudioVersion = 10.0.40219.1
Project("{9A19103F-16F7-4668-BE54-9A1E7A4F7556}") = "OOPsReview", "OOPsReview\OOPsReview.csproj", "{ADFD05FD-FE19-42AA-A9BB-8450FACAD6A4}"
EndProject
Project("{9A19103F-16F7-4668-BE54-9A1E7A4F7556}") = "ReviewUnitTests", "ReviewUnitTests\ReviewUnitTests.csproj", "{EB1715AB-71A8-48B6-8D77-B07B29D6D08F}"
EndProject
Global
	GlobalSection(SolutionConfigurationPlatforms) = preSolution
		Debug|Any CPU = Debug|Any CPU
		Release|Any CPU = Release|Any CPU
	EndGlobalSection
	GlobalSection(ProjectConfigurationPlatforms) = postSolution
		{ADFD05FD-FE19-42AA-A9BB-8450FACAD6A4}.Debug|Any CPU.ActiveCfg = Debug|Any CPU
		{ADFD05FD-FE19-42AA-A9BB-8450FACAD6A4}.Debug|Any CPU.Build.0 = Debug|Any CPU
		{ADFD05FD-FE19-42AA-A9BB-8450FACAD6A4}.Release|Any CPU.ActiveCfg = Release|Any CPU
		{ADFD05FD-FE19-42AA-A9BB-8450FACAD6A4}.Release|Any CPU.Build.0 = Release|Any CPU
		{EB1715AB-71A8-48B6-8D77-B07B29D6D08F}.Debug|Any CPU.ActiveCfg = Debug|Any CPU
		{EB1715AB-71A8-48B6-8D77-B07B29D6D08F}.Debug|Any CPU.Build.0 = Debug|Any CPU
		{EB1715AB-71A8-48B6-8D77-B07B29D6D08F}.Release|Any CPU.ActiveCfg = Release|Any CPU
		{EB1715AB-71A8-48B6-8D77-B07B29D6D08F}.Release|Any CPU.Build.0 = Release|Any CPU
	EndGlobalSection
	GlobalSection(SolutionProperties) = preSolution
		HideSolutionNode = FALSE
	EndGlobalSection
	GlobalSection(ExtensibilityGlobals) = postSolution
		SolutionGuid = {52B795B7-8A84-4A26-A509-811E20B82F25}
	EndGlobalSection
EndGlobal
