
Microsoft Visual Studio Solution File, Format Version 12.00
# Visual Studio Version 17
VisualStudioVersion = 17.1.32421.90
MinimumVisualStudioVersion = 10.0.40219.1
Project("{FAE04EC0-301F-11D3-BF4B-00C04F79EFBC}") = "OOPsReview", "OOPsReview\OOPsReview.csproj", "{2243E20D-85E5-4890-9BE9-EFC680EDE81A}"
EndProject
Global
	GlobalSection(SolutionConfigurationPlatforms) = preSolution
		Debug|Any CPU = Debug|Any CPU
		Release|Any CPU = Release|Any CPU
	EndGlobalSection
	GlobalSection(ProjectConfigurationPlatforms) = postSolution
		{2243E20D-85E5-4890-9BE9-EFC680EDE81A}.Debug|Any CPU.ActiveCfg = Debug|Any CPU
		{2243E20D-85E5-4890-9BE9-EFC680EDE81A}.Debug|Any CPU.Build.0 = Debug|Any CPU
		{2243E20D-85E5-4890-9BE9-EFC680EDE81A}.Release|Any CPU.ActiveCfg = Release|Any CPU
		{2243E20D-85E5-4890-9BE9-EFC680EDE81A}.Release|Any CPU.Build.0 = Release|Any CPU
	EndGlobalSection
	GlobalSection(SolutionProperties) = preSolution
		HideSolutionNode = FALSE
	EndGlobalSection
	GlobalSection(ExtensibilityGlobals) = postSolution
		SolutionGuid = {D5FFE397-4519-4985-A939-FE2A843C0680}
	EndGlobalSection
EndGlobal
